
Microsoft Visual Studio Solution File, Format Version 12.00
# Visual Studio Version 17
VisualStudioVersion = 17.8.34330.188
MinimumVisualStudioVersion = 10.0.40219.1
Project("{FAE04EC0-301F-11D3-BF4B-00C04F79EFBC}") = "MyFirstAspNetCoreWebApi", "MyFirstAspNetCoreWebApi\MyFirstAspNetCoreWebApi.csproj", "{3E05AFD1-EB9D-43EA-98D1-5188F8844F3B}"
EndProject
Global
	GlobalSection(SolutionConfigurationPlatforms) = preSolution
		Debug|Any CPU = Debug|Any CPU
		Release|Any CPU = Release|Any CPU
	EndGlobalSection
	GlobalSection(ProjectConfigurationPlatforms) = postSolution
		{3E05AFD1-EB9D-43EA-98D1-5188F8844F3B}.Debug|Any CPU.ActiveCfg = Debug|Any CPU
		{3E05AFD1-EB9D-43EA-98D1-5188F8844F3B}.Debug|Any CPU.Build.0 = Debug|Any CPU
		{3E05AFD1-EB9D-43EA-98D1-5188F8844F3B}.Release|Any CPU.ActiveCfg = Release|Any CPU
		{3E05AFD1-EB9D-43EA-98D1-5188F8844F3B}.Release|Any CPU.Build.0 = Release|Any CPU
	EndGlobalSection
	GlobalSection(SolutionProperties) = preSolution
		HideSolutionNode = FALSE
	EndGlobalSection
	GlobalSection(ExtensibilityGlobals) = postSolution
		SolutionGuid = {56C9D6BE-67D0-4A5E-814D-D8770232BD93}
	EndGlobalSection
EndGlobal
